{
  "name": "karma-jstd-framework",
  "version": "2.0.0",
  "lockfileVersion": 2,
  "requires": true,
  "packages": {
    "": {
      "version": "2.0.0",
      "license": "MIT",
      "dependencies": {
        "@caplin/karma-jstd-adapter": "1.1.1"
      }
    },
    "node_modules/@caplin/karma-jstd-adapter": {
      "version": "1.1.1",
      "resolved": "https://registry.npmjs.org/@caplin/karma-jstd-adapter/-/karma-jstd-adapter-1.1.1.tgz",
      "integrity": "sha512-2pQGgUyZY4d6PGpr3nFSSQqIe5ObZ3nJX6FVCrkc0GgF576YyhDC156RSOUtw5KDbUqX5I+H6sHVrsi/6/JWNg=="
    }
  },
  "dependencies": {
    "@caplin/karma-jstd-adapter": {
      "version": "1.1.1",
      "resolved": "https://registry.npmjs.org/@caplin/karma-jstd-adapter/-/karma-jstd-adapter-1.1.1.tgz",
      "integrity": "sha512-2pQGgUyZY4d6PGpr3nFSSQqIe5ObZ3nJX6FVCrkc0GgF576YyhDC156RSOUtw5KDbUqX5I+H6sHVrsi/6/JWNg=="
    }
  }
}
